// !$*UTF8*$!
{
	archiveVersion = 1;
	classes = {
	};
	objectVersion = 50;
	objects = {

/* Begin PBXBuildFile section */
		72012AEB23E6F219002D4A99 /* OOBFinisherViewController.swift in Sources */ = {isa = PBXBuildFile; fileRef = 72012AEA23E6F219002D4A99 /* OOBFinisherViewController.swift */; };
		72012AF323E70AD2002D4A99 /* DashboardViewController.swift in Sources */ = {isa = PBXBuildFile; fileRef = 72012AF223E70AD2002D4A99 /* DashboardViewController.swift */; };
		72012AF523E70C90002D4A99 /* ActivityMapViewController.swift in Sources */ = {isa = PBXBuildFile; fileRef = 72012AF423E70C90002D4A99 /* ActivityMapViewController.swift */; };
		72012AF723E70D0E002D4A99 /* ActivityDetailerViewController.swift in Sources */ = {isa = PBXBuildFile; fileRef = 72012AF623E70D0E002D4A99 /* ActivityDetailerViewController.swift */; };
		72012AF923E71189002D4A99 /* DashboardViewModel.swift in Sources */ = {isa = PBXBuildFile; fileRef = 72012AF823E71189002D4A99 /* DashboardViewModel.swift */; };
		7209717D23EACEE3003124AA /* KeychainHelper.swift in Sources */ = {isa = PBXBuildFile; fileRef = 7209717C23EACEE3003124AA /* KeychainHelper.swift */; };
		720B39D523E9F22800488A67 /* Environment.swift in Sources */ = {isa = PBXBuildFile; fileRef = 720B39D423E9F22800488A67 /* Environment.swift */; };
		720F1FDF23E553D80039F445 /* StravaActivity.swift in Sources */ = {isa = PBXBuildFile; fileRef = 720F1FDE23E553D80039F445 /* StravaActivity.swift */; };
		720F1FE223E5711F0039F445 /* APIRequest.swift in Sources */ = {isa = PBXBuildFile; fileRef = 720F1FE123E5711F0039F445 /* APIRequest.swift */; };
		720F1FE423E576180039F445 /* Authenticator.swift in Sources */ = {isa = PBXBuildFile; fileRef = 720F1FE323E576180039F445 /* Authenticator.swift */; };
		720F1FE623E5771C0039F445 /* APIClient.swift in Sources */ = {isa = PBXBuildFile; fileRef = 720F1FE523E5771C0039F445 /* APIClient.swift */; };
		720F1FE923E5805E0039F445 /* StravaRequests.swift in Sources */ = {isa = PBXBuildFile; fileRef = 720F1FE823E5805E0039F445 /* StravaRequests.swift */; };
		720F1FEB23E598A80039F445 /* DashboardCoordinator.swift in Sources */ = {isa = PBXBuildFile; fileRef = 720F1FEA23E598A80039F445 /* DashboardCoordinator.swift */; };
		7222768823E011D800D8E72F /* AppDelegate.swift in Sources */ = {isa = PBXBuildFile; fileRef = 7222768723E011D800D8E72F /* AppDelegate.swift */; };
		7222768A23E011D800D8E72F /* SceneDelegate.swift in Sources */ = {isa = PBXBuildFile; fileRef = 7222768923E011D800D8E72F /* SceneDelegate.swift */; };
		7222769123E011E000D8E72F /* Assets.xcassets in Resources */ = {isa = PBXBuildFile; fileRef = 7222769023E011E000D8E72F /* Assets.xcassets */; };
		7222769423E011E000D8E72F /* LaunchScreen.storyboard in Resources */ = {isa = PBXBuildFile; fileRef = 7222769223E011E000D8E72F /* LaunchScreen.storyboard */; };
		7222769F23E011E000D8E72F /* stravoTests.swift in Sources */ = {isa = PBXBuildFile; fileRef = 7222769E23E011E000D8E72F /* stravoTests.swift */; };
		722276AA23E011E000D8E72F /* stravoUITests.swift in Sources */ = {isa = PBXBuildFile; fileRef = 722276A923E011E000D8E72F /* stravoUITests.swift */; };
		722276BA23E0145C00D8E72F /* SplashCoordinator.swift in Sources */ = {isa = PBXBuildFile; fileRef = 722276B923E0145C00D8E72F /* SplashCoordinator.swift */; };
		722276BD23E0148200D8E72F /* Coordinator.swift in Sources */ = {isa = PBXBuildFile; fileRef = 722276BC23E0148200D8E72F /* Coordinator.swift */; };
		722276BF23E0173A00D8E72F /* AppCoordinator.swift in Sources */ = {isa = PBXBuildFile; fileRef = 722276BE23E0173A00D8E72F /* AppCoordinator.swift */; };
		722276C123E01D4000D8E72F /* WelcomeViewController.swift in Sources */ = {isa = PBXBuildFile; fileRef = 722276C023E01D4000D8E72F /* WelcomeViewController.swift */; };
		722276C423E01DB100D8E72F /* PanModal.framework in Frameworks */ = {isa = PBXBuildFile; fileRef = 722276C323E01DB100D8E72F /* PanModal.framework */; };
		722276C523E01DB100D8E72F /* PanModal.framework in Embed Frameworks */ = {isa = PBXBuildFile; fileRef = 722276C323E01DB100D8E72F /* PanModal.framework */; settings = {ATTRIBUTES = (CodeSignOnCopy, RemoveHeadersOnCopy, ); }; };
		722276C823E01DB400D8E72F /* SnapKit.framework in Frameworks */ = {isa = PBXBuildFile; fileRef = 722276C723E01DB400D8E72F /* SnapKit.framework */; };
		722276C923E01DB400D8E72F /* SnapKit.framework in Embed Frameworks */ = {isa = PBXBuildFile; fileRef = 722276C723E01DB400D8E72F /* SnapKit.framework */; settings = {ATTRIBUTES = (CodeSignOnCopy, RemoveHeadersOnCopy, ); }; };
		722276CC23E1684F00D8E72F /* OAuthSwift.framework in Frameworks */ = {isa = PBXBuildFile; fileRef = 722276CB23E1684E00D8E72F /* OAuthSwift.framework */; };
		722276CD23E1684F00D8E72F /* OAuthSwift.framework in Embed Frameworks */ = {isa = PBXBuildFile; fileRef = 722276CB23E1684E00D8E72F /* OAuthSwift.framework */; settings = {ATTRIBUTES = (CodeSignOnCopy, RemoveHeadersOnCopy, ); }; };
		722276D423E4195E00D8E72F /* StravaClient.swift in Sources */ = {isa = PBXBuildFile; fileRef = 722276D323E4195E00D8E72F /* StravaClient.swift */; };
/* End PBXBuildFile section */

/* Begin PBXContainerItemProxy section */
		7222769B23E011E000D8E72F /* PBXContainerItemProxy */ = {
			isa = PBXContainerItemProxy;
			containerPortal = 7222767C23E011D800D8E72F /* Project object */;
			proxyType = 1;
			remoteGlobalIDString = 7222768323E011D800D8E72F;
			remoteInfo = stravo;
		};
		722276A623E011E000D8E72F /* PBXContainerItemProxy */ = {
			isa = PBXContainerItemProxy;
			containerPortal = 7222767C23E011D800D8E72F /* Project object */;
			proxyType = 1;
			remoteGlobalIDString = 7222768323E011D800D8E72F;
			remoteInfo = stravo;
		};
/* End PBXContainerItemProxy section */

/* Begin PBXCopyFilesBuildPhase section */
		722276C623E01DB100D8E72F /* Embed Frameworks */ = {
			isa = PBXCopyFilesBuildPhase;
			buildActionMask = 2147483647;
			dstPath = "";
			dstSubfolderSpec = 10;
			files = (
				722276C523E01DB100D8E72F /* PanModal.framework in Embed Frameworks */,
				722276C923E01DB400D8E72F /* SnapKit.framework in Embed Frameworks */,
				722276CD23E1684F00D8E72F /* OAuthSwift.framework in Embed Frameworks */,
			);
			name = "Embed Frameworks";
			runOnlyForDeploymentPostprocessing = 0;
		};
/* End PBXCopyFilesBuildPhase section */

/* Begin PBXFileReference section */
		72012AEA23E6F219002D4A99 /* OOBFinisherViewController.swift */ = {isa = PBXFileReference; lastKnownFileType = sourcecode.swift; path = OOBFinisherViewController.swift; sourceTree = "<group>"; };
		72012AF223E70AD2002D4A99 /* DashboardViewController.swift */ = {isa = PBXFileReference; lastKnownFileType = sourcecode.swift; path = DashboardViewController.swift; sourceTree = "<group>"; };
		72012AF423E70C90002D4A99 /* ActivityMapViewController.swift */ = {isa = PBXFileReference; lastKnownFileType = sourcecode.swift; path = ActivityMapViewController.swift; sourceTree = "<group>"; };
		72012AF623E70D0E002D4A99 /* ActivityDetailerViewController.swift */ = {isa = PBXFileReference; lastKnownFileType = sourcecode.swift; path = ActivityDetailerViewController.swift; sourceTree = "<group>"; };
		72012AF823E71189002D4A99 /* DashboardViewModel.swift */ = {isa = PBXFileReference; lastKnownFileType = sourcecode.swift; path = DashboardViewModel.swift; sourceTree = "<group>"; };
		7209717C23EACEE3003124AA /* KeychainHelper.swift */ = {isa = PBXFileReference; lastKnownFileType = sourcecode.swift; path = KeychainHelper.swift; sourceTree = "<group>"; };
		720B39D423E9F22800488A67 /* Environment.swift */ = {isa = PBXFileReference; lastKnownFileType = sourcecode.swift; path = Environment.swift; sourceTree = "<group>"; };
		720B39D723E9F38A00488A67 /* release.xcconfig */ = {isa = PBXFileReference; lastKnownFileType = text.xcconfig; path = release.xcconfig; sourceTree = "<group>"; };
		720F1FDE23E553D80039F445 /* StravaActivity.swift */ = {isa = PBXFileReference; lastKnownFileType = sourcecode.swift; path = StravaActivity.swift; sourceTree = "<group>"; };
		720F1FE023E56CAF0039F445 /* stravo.entitlements */ = {isa = PBXFileReference; lastKnownFileType = text.plist.entitlements; path = stravo.entitlements; sourceTree = "<group>"; };
		720F1FE123E5711F0039F445 /* APIRequest.swift */ = {isa = PBXFileReference; lastKnownFileType = sourcecode.swift; path = APIRequest.swift; sourceTree = "<group>"; };
		720F1FE323E576180039F445 /* Authenticator.swift */ = {isa = PBXFileReference; lastKnownFileType = sourcecode.swift; path = Authenticator.swift; sourceTree = "<group>"; };
		720F1FE523E5771C0039F445 /* APIClient.swift */ = {isa = PBXFileReference; lastKnownFileType = sourcecode.swift; path = APIClient.swift; sourceTree = "<group>"; };
		720F1FE823E5805E0039F445 /* StravaRequests.swift */ = {isa = PBXFileReference; lastKnownFileType = sourcecode.swift; path = StravaRequests.swift; sourceTree = "<group>"; };
		720F1FEA23E598A80039F445 /* DashboardCoordinator.swift */ = {isa = PBXFileReference; lastKnownFileType = sourcecode.swift; path = DashboardCoordinator.swift; sourceTree = "<group>"; };
		7222768423E011D800D8E72F /* stravo.app */ = {isa = PBXFileReference; explicitFileType = wrapper.application; includeInIndex = 0; path = stravo.app; sourceTree = BUILT_PRODUCTS_DIR; };
		7222768723E011D800D8E72F /* AppDelegate.swift */ = {isa = PBXFileReference; lastKnownFileType = sourcecode.swift; path = AppDelegate.swift; sourceTree = "<group>"; };
		7222768923E011D800D8E72F /* SceneDelegate.swift */ = {isa = PBXFileReference; lastKnownFileType = sourcecode.swift; path = SceneDelegate.swift; sourceTree = "<group>"; };
		7222769023E011E000D8E72F /* Assets.xcassets */ = {isa = PBXFileReference; lastKnownFileType = folder.assetcatalog; path = Assets.xcassets; sourceTree = "<group>"; };
		7222769323E011E000D8E72F /* Base */ = {isa = PBXFileReference; lastKnownFileType = file.storyboard; name = Base; path = Base.lproj/LaunchScreen.storyboard; sourceTree = "<group>"; };
		7222769523E011E000D8E72F /* Info.plist */ = {isa = PBXFileReference; lastKnownFileType = text.plist.xml; path = Info.plist; sourceTree = "<group>"; };
		7222769A23E011E000D8E72F /* stravoTests.xctest */ = {isa = PBXFileReference; explicitFileType = wrapper.cfbundle; includeInIndex = 0; path = stravoTests.xctest; sourceTree = BUILT_PRODUCTS_DIR; };
		7222769E23E011E000D8E72F /* stravoTests.swift */ = {isa = PBXFileReference; lastKnownFileType = sourcecode.swift; path = stravoTests.swift; sourceTree = "<group>"; };
		722276A023E011E000D8E72F /* Info.plist */ = {isa = PBXFileReference; lastKnownFileType = text.plist.xml; path = Info.plist; sourceTree = "<group>"; };
		722276A523E011E000D8E72F /* stravoUITests.xctest */ = {isa = PBXFileReference; explicitFileType = wrapper.cfbundle; includeInIndex = 0; path = stravoUITests.xctest; sourceTree = BUILT_PRODUCTS_DIR; };
		722276A923E011E000D8E72F /* stravoUITests.swift */ = {isa = PBXFileReference; lastKnownFileType = sourcecode.swift; path = stravoUITests.swift; sourceTree = "<group>"; };
		722276AB23E011E000D8E72F /* Info.plist */ = {isa = PBXFileReference; lastKnownFileType = text.plist.xml; path = Info.plist; sourceTree = "<group>"; };
		722276B923E0145C00D8E72F /* SplashCoordinator.swift */ = {isa = PBXFileReference; lastKnownFileType = sourcecode.swift; path = SplashCoordinator.swift; sourceTree = "<group>"; };
		722276BC23E0148200D8E72F /* Coordinator.swift */ = {isa = PBXFileReference; lastKnownFileType = sourcecode.swift; path = Coordinator.swift; sourceTree = "<group>"; };
		722276BE23E0173A00D8E72F /* AppCoordinator.swift */ = {isa = PBXFileReference; lastKnownFileType = sourcecode.swift; path = AppCoordinator.swift; sourceTree = "<group>"; };
		722276C023E01D4000D8E72F /* WelcomeViewController.swift */ = {isa = PBXFileReference; lastKnownFileType = sourcecode.swift; path = WelcomeViewController.swift; sourceTree = "<group>"; };
		722276C323E01DB100D8E72F /* PanModal.framework */ = {isa = PBXFileReference; lastKnownFileType = wrapper.framework; name = PanModal.framework; path = Carthage/Build/iOS/PanModal.framework; sourceTree = "<group>"; };
		722276C723E01DB400D8E72F /* SnapKit.framework */ = {isa = PBXFileReference; lastKnownFileType = wrapper.framework; name = SnapKit.framework; path = Carthage/Build/iOS/SnapKit.framework; sourceTree = "<group>"; };
		722276CB23E1684E00D8E72F /* OAuthSwift.framework */ = {isa = PBXFileReference; lastKnownFileType = wrapper.framework; name = OAuthSwift.framework; path = Carthage/Build/iOS/OAuthSwift.framework; sourceTree = "<group>"; };
		722276D323E4195E00D8E72F /* StravaClient.swift */ = {isa = PBXFileReference; lastKnownFileType = sourcecode.swift; path = StravaClient.swift; sourceTree = "<group>"; };
/* End PBXFileReference section */

/* Begin PBXFrameworksBuildPhase section */
		7222768123E011D800D8E72F /* Frameworks */ = {
			isa = PBXFrameworksBuildPhase;
			buildActionMask = 2147483647;
			files = (
				722276C423E01DB100D8E72F /* PanModal.framework in Frameworks */,
				722276C823E01DB400D8E72F /* SnapKit.framework in Frameworks */,
				722276CC23E1684F00D8E72F /* OAuthSwift.framework in Frameworks */,
			);
			runOnlyForDeploymentPostprocessing = 0;
		};
		7222769723E011E000D8E72F /* Frameworks */ = {
			isa = PBXFrameworksBuildPhase;
			buildActionMask = 2147483647;
			files = (
			);
			runOnlyForDeploymentPostprocessing = 0;
		};
		722276A223E011E000D8E72F /* Frameworks */ = {
			isa = PBXFrameworksBuildPhase;
			buildActionMask = 2147483647;
			files = (
			);
			runOnlyForDeploymentPostprocessing = 0;
		};
/* End PBXFrameworksBuildPhase section */

/* Begin PBXGroup section */
		720B39D623E9F36300488A67 /* configs */ = {
			isa = PBXGroup;
			children = (
				720B39D723E9F38A00488A67 /* release.xcconfig */,
			);
			path = configs;
			sourceTree = "<group>";
		};
		720F1FDD23E553BF0039F445 /* entites */ = {
			isa = PBXGroup;
			children = (
				720F1FDE23E553D80039F445 /* StravaActivity.swift */,
			);
			path = entites;
			sourceTree = "<group>";
		};
		7222767B23E011D800D8E72F = {
			isa = PBXGroup;
			children = (
				7222768623E011D800D8E72F /* stravo */,
				7222769D23E011E000D8E72F /* stravoTests */,
				722276A823E011E000D8E72F /* stravoUITests */,
				7222768523E011D800D8E72F /* Products */,
				722276C223E01DB000D8E72F /* Frameworks */,
			);
			sourceTree = "<group>";
		};
		7222768523E011D800D8E72F /* Products */ = {
			isa = PBXGroup;
			children = (
				7222768423E011D800D8E72F /* stravo.app */,
				7222769A23E011E000D8E72F /* stravoTests.xctest */,
				722276A523E011E000D8E72F /* stravoUITests.xctest */,
			);
			name = Products;
			sourceTree = "<group>";
		};
		7222768623E011D800D8E72F /* stravo */ = {
			isa = PBXGroup;
			children = (
				720B39D623E9F36300488A67 /* configs */,
				720F1FE023E56CAF0039F445 /* stravo.entitlements */,
				722276D223E4194600D8E72F /* strava */,
				722276BB23E0146700D8E72F /* utilities */,
				722276B823E0143900D8E72F /* dashboard */,
				722276B723E0142800D8E72F /* splash */,
				7222768723E011D800D8E72F /* AppDelegate.swift */,
				7222768923E011D800D8E72F /* SceneDelegate.swift */,
				7222769023E011E000D8E72F /* Assets.xcassets */,
				7222769223E011E000D8E72F /* LaunchScreen.storyboard */,
				7222769523E011E000D8E72F /* Info.plist */,
				722276BE23E0173A00D8E72F /* AppCoordinator.swift */,
			);
			path = stravo;
			sourceTree = "<group>";
		};
		7222769D23E011E000D8E72F /* stravoTests */ = {
			isa = PBXGroup;
			children = (
				7222769E23E011E000D8E72F /* stravoTests.swift */,
				722276A023E011E000D8E72F /* Info.plist */,
			);
			path = stravoTests;
			sourceTree = "<group>";
		};
		722276A823E011E000D8E72F /* stravoUITests */ = {
			isa = PBXGroup;
			children = (
				722276A923E011E000D8E72F /* stravoUITests.swift */,
				722276AB23E011E000D8E72F /* Info.plist */,
			);
			path = stravoUITests;
			sourceTree = "<group>";
		};
		722276B723E0142800D8E72F /* splash */ = {
			isa = PBXGroup;
			children = (
				722276B923E0145C00D8E72F /* SplashCoordinator.swift */,
				722276C023E01D4000D8E72F /* WelcomeViewController.swift */,
				72012AEA23E6F219002D4A99 /* OOBFinisherViewController.swift */,
			);
			path = splash;
			sourceTree = "<group>";
		};
		722276B823E0143900D8E72F /* dashboard */ = {
			isa = PBXGroup;
			children = (
				720F1FEA23E598A80039F445 /* DashboardCoordinator.swift */,
				72012AF223E70AD2002D4A99 /* DashboardViewController.swift */,
				72012AF423E70C90002D4A99 /* ActivityMapViewController.swift */,
				72012AF623E70D0E002D4A99 /* ActivityDetailerViewController.swift */,
				72012AF823E71189002D4A99 /* DashboardViewModel.swift */,
			);
			path = dashboard;
			sourceTree = "<group>";
		};
		722276BB23E0146700D8E72F /* utilities */ = {
			isa = PBXGroup;
			children = (
				722276BC23E0148200D8E72F /* Coordinator.swift */,
				720F1FE123E5711F0039F445 /* APIRequest.swift */,
				720F1FE323E576180039F445 /* Authenticator.swift */,
				720F1FE523E5771C0039F445 /* APIClient.swift */,
				720B39D423E9F22800488A67 /* Environment.swift */,
				7209717C23EACEE3003124AA /* KeychainHelper.swift */,
			);
			path = utilities;
			sourceTree = "<group>";
		};
		722276C223E01DB000D8E72F /* Frameworks */ = {
			isa = PBXGroup;
			children = (
				722276CB23E1684E00D8E72F /* OAuthSwift.framework */,
				722276C723E01DB400D8E72F /* SnapKit.framework */,
				722276C323E01DB100D8E72F /* PanModal.framework */,
			);
			name = Frameworks;
			sourceTree = "<group>";
		};
		722276D223E4194600D8E72F /* strava */ = {
			isa = PBXGroup;
			children = (
				720F1FDD23E553BF0039F445 /* entites */,
				722276D323E4195E00D8E72F /* StravaClient.swift */,
				720F1FE823E5805E0039F445 /* StravaRequests.swift */,
			);
			path = strava;
			sourceTree = "<group>";
		};
/* End PBXGroup section */

/* Begin PBXNativeTarget section */
		7222768323E011D800D8E72F /* stravo */ = {
			isa = PBXNativeTarget;
			buildConfigurationList = 722276AE23E011E000D8E72F /* Build configuration list for PBXNativeTarget "stravo" */;
			buildPhases = (
				7222768023E011D800D8E72F /* Sources */,
				7222768123E011D800D8E72F /* Frameworks */,
				7222768223E011D800D8E72F /* Resources */,
				722276C623E01DB100D8E72F /* Embed Frameworks */,
				722276CA23E01DF300D8E72F /* ShellScript */,
			);
			buildRules = (
			);
			dependencies = (
			);
			name = stravo;
			productName = stravo;
			productReference = 7222768423E011D800D8E72F /* stravo.app */;
			productType = "com.apple.product-type.application";
		};
		7222769923E011E000D8E72F /* stravoTests */ = {
			isa = PBXNativeTarget;
			buildConfigurationList = 722276B123E011E000D8E72F /* Build configuration list for PBXNativeTarget "stravoTests" */;
			buildPhases = (
				7222769623E011E000D8E72F /* Sources */,
				7222769723E011E000D8E72F /* Frameworks */,
				7222769823E011E000D8E72F /* Resources */,
			);
			buildRules = (
			);
			dependencies = (
				7222769C23E011E000D8E72F /* PBXTargetDependency */,
			);
			name = stravoTests;
			productName = stravoTests;
			productReference = 7222769A23E011E000D8E72F /* stravoTests.xctest */;
			productType = "com.apple.product-type.bundle.unit-test";
		};
		722276A423E011E000D8E72F /* stravoUITests */ = {
			isa = PBXNativeTarget;
			buildConfigurationList = 722276B423E011E000D8E72F /* Build configuration list for PBXNativeTarget "stravoUITests" */;
			buildPhases = (
				722276A123E011E000D8E72F /* Sources */,
				722276A223E011E000D8E72F /* Frameworks */,
				722276A323E011E000D8E72F /* Resources */,
			);
			buildRules = (
			);
			dependencies = (
				722276A723E011E000D8E72F /* PBXTargetDependency */,
			);
			name = stravoUITests;
			productName = stravoUITests;
			productReference = 722276A523E011E000D8E72F /* stravoUITests.xctest */;
			productType = "com.apple.product-type.bundle.ui-testing";
		};
/* End PBXNativeTarget section */

/* Begin PBXProject section */
		7222767C23E011D800D8E72F /* Project object */ = {
			isa = PBXProject;
			attributes = {
				LastSwiftUpdateCheck = 1130;
				LastUpgradeCheck = 1130;
				ORGANIZATIONNAME = "Robert Hamilton";
				TargetAttributes = {
					7222768323E011D800D8E72F = {
						CreatedOnToolsVersion = 11.3;
					};
					7222769923E011E000D8E72F = {
						CreatedOnToolsVersion = 11.3;
						TestTargetID = 7222768323E011D800D8E72F;
					};
					722276A423E011E000D8E72F = {
						CreatedOnToolsVersion = 11.3;
						TestTargetID = 7222768323E011D800D8E72F;
					};
				};
			};
			buildConfigurationList = 7222767F23E011D800D8E72F /* Build configuration list for PBXProject "stravo" */;
			compatibilityVersion = "Xcode 9.3";
			developmentRegion = en;
			hasScannedForEncodings = 0;
			knownRegions = (
				en,
				Base,
			);
			mainGroup = 7222767B23E011D800D8E72F;
			productRefGroup = 7222768523E011D800D8E72F /* Products */;
			projectDirPath = "";
			projectRoot = "";
			targets = (
				7222768323E011D800D8E72F /* stravo */,
				7222769923E011E000D8E72F /* stravoTests */,
				722276A423E011E000D8E72F /* stravoUITests */,
			);
		};
/* End PBXProject section */

/* Begin PBXResourcesBuildPhase section */
		7222768223E011D800D8E72F /* Resources */ = {
			isa = PBXResourcesBuildPhase;
			buildActionMask = 2147483647;
			files = (
				7222769423E011E000D8E72F /* LaunchScreen.storyboard in Resources */,
				7222769123E011E000D8E72F /* Assets.xcassets in Resources */,
			);
			runOnlyForDeploymentPostprocessing = 0;
		};
		7222769823E011E000D8E72F /* Resources */ = {
			isa = PBXResourcesBuildPhase;
			buildActionMask = 2147483647;
			files = (
			);
			runOnlyForDeploymentPostprocessing = 0;
		};
		722276A323E011E000D8E72F /* Resources */ = {
			isa = PBXResourcesBuildPhase;
			buildActionMask = 2147483647;
			files = (
			);
			runOnlyForDeploymentPostprocessing = 0;
		};
/* End PBXResourcesBuildPhase section */

/* Begin PBXShellScriptBuildPhase section */
		722276CA23E01DF300D8E72F /* ShellScript */ = {
			isa = PBXShellScriptBuildPhase;
			buildActionMask = 2147483647;
			files = (
			);
			inputFileListPaths = (
			);
			inputPaths = (
				"$(SRCROOT)/Carthage/Build/iOS/SnapKit.framework",
				"$(SRCROOT)/Carthage/Build/iOS/PanModal.framework",
				"$(SRCROOT)/Carthage/Build/iOS/OAuthSwift.framework",
			);
			outputFileListPaths = (
			);
			outputPaths = (
			);
			runOnlyForDeploymentPostprocessing = 0;
			shellPath = /bin/sh;
			shellScript = "/usr/local/bin/carthage copy-frameworks\n";
		};
/* End PBXShellScriptBuildPhase section */

/* Begin PBXSourcesBuildPhase section */
		7222768023E011D800D8E72F /* Sources */ = {
			isa = PBXSourcesBuildPhase;
			buildActionMask = 2147483647;
			files = (
				720F1FEB23E598A80039F445 /* DashboardCoordinator.swift in Sources */,
				722276D423E4195E00D8E72F /* StravaClient.swift in Sources */,
				722276BF23E0173A00D8E72F /* AppCoordinator.swift in Sources */,
				72012AF923E71189002D4A99 /* DashboardViewModel.swift in Sources */,
				722276BA23E0145C00D8E72F /* SplashCoordinator.swift in Sources */,
				72012AF723E70D0E002D4A99 /* ActivityDetailerViewController.swift in Sources */,
				72012AF523E70C90002D4A99 /* ActivityMapViewController.swift in Sources */,
				722276BD23E0148200D8E72F /* Coordinator.swift in Sources */,
				7222768823E011D800D8E72F /* AppDelegate.swift in Sources */,
				7209717D23EACEE3003124AA /* KeychainHelper.swift in Sources */,
				720F1FE923E5805E0039F445 /* StravaRequests.swift in Sources */,
				72012AF323E70AD2002D4A99 /* DashboardViewController.swift in Sources */,
				720F1FE623E5771C0039F445 /* APIClient.swift in Sources */,
				720F1FE423E576180039F445 /* Authenticator.swift in Sources */,
				7222768A23E011D800D8E72F /* SceneDelegate.swift in Sources */,
				720F1FDF23E553D80039F445 /* StravaActivity.swift in Sources */,
				720B39D523E9F22800488A67 /* Environment.swift in Sources */,
				720F1FE223E5711F0039F445 /* APIRequest.swift in Sources */,
				722276C123E01D4000D8E72F /* WelcomeViewController.swift in Sources */,
				72012AEB23E6F219002D4A99 /* OOBFinisherViewController.swift in Sources */,
			);
			runOnlyForDeploymentPostprocessing = 0;
		};
		7222769623E011E000D8E72F /* Sources */ = {
			isa = PBXSourcesBuildPhase;
			buildActionMask = 2147483647;
			files = (
				7222769F23E011E000D8E72F /* stravoTests.swift in Sources */,
			);
			runOnlyForDeploymentPostprocessing = 0;
		};
		722276A123E011E000D8E72F /* Sources */ = {
			isa = PBXSourcesBuildPhase;
			buildActionMask = 2147483647;
			files = (
				722276AA23E011E000D8E72F /* stravoUITests.swift in Sources */,
			);
			runOnlyForDeploymentPostprocessing = 0;
		};
/* End PBXSourcesBuildPhase section */

/* Begin PBXTargetDependency section */
		7222769C23E011E000D8E72F /* PBXTargetDependency */ = {
			isa = PBXTargetDependency;
			target = 7222768323E011D800D8E72F /* stravo */;
			targetProxy = 7222769B23E011E000D8E72F /* PBXContainerItemProxy */;
		};
		722276A723E011E000D8E72F /* PBXTargetDependency */ = {
			isa = PBXTargetDependency;
			target = 7222768323E011D800D8E72F /* stravo */;
			targetProxy = 722276A623E011E000D8E72F /* PBXContainerItemProxy */;
		};
/* End PBXTargetDependency section */

/* Begin PBXVariantGroup section */
		7222769223E011E000D8E72F /* LaunchScreen.storyboard */ = {
			isa = PBXVariantGroup;
			children = (
				7222769323E011E000D8E72F /* Base */,
			);
			name = LaunchScreen.storyboard;
			sourceTree = "<group>";
		};
/* End PBXVariantGroup section */

/* Begin XCBuildConfiguration section */
		722276AC23E011E000D8E72F /* Debug */ = {
			isa = XCBuildConfiguration;
			buildSettings = {
				ALWAYS_SEARCH_USER_PATHS = NO;
				CLANG_ANALYZER_NONNULL = YES;
				CLANG_ANALYZER_NUMBER_OBJECT_CONVERSION = YES_AGGRESSIVE;
				CLANG_CXX_LANGUAGE_STANDARD = "gnu++14";
				CLANG_CXX_LIBRARY = "libc++";
				CLANG_ENABLE_MODULES = YES;
				CLANG_ENABLE_OBJC_ARC = YES;
				CLANG_ENABLE_OBJC_WEAK = YES;
				CLANG_WARN_BLOCK_CAPTURE_AUTORELEASING = YES;
				CLANG_WARN_BOOL_CONVERSION = YES;
				CLANG_WARN_COMMA = YES;
				CLANG_WARN_CONSTANT_CONVERSION = YES;
				CLANG_WARN_DEPRECATED_OBJC_IMPLEMENTATIONS = YES;
				CLANG_WARN_DIRECT_OBJC_ISA_USAGE = YES_ERROR;
				CLANG_WARN_DOCUMENTATION_COMMENTS = YES;
				CLANG_WARN_EMPTY_BODY = YES;
				CLANG_WARN_ENUM_CONVERSION = YES;
				CLANG_WARN_INFINITE_RECURSION = YES;
				CLANG_WARN_INT_CONVERSION = YES;
				CLANG_WARN_NON_LITERAL_NULL_CONVERSION = YES;
				CLANG_WARN_OBJC_IMPLICIT_RETAIN_SELF = YES;
				CLANG_WARN_OBJC_LITERAL_CONVERSION = YES;
				CLANG_WARN_OBJC_ROOT_CLASS = YES_ERROR;
				CLANG_WARN_RANGE_LOOP_ANALYSIS = YES;
				CLANG_WARN_STRICT_PROTOTYPES = YES;
				CLANG_WARN_SUSPICIOUS_MOVE = YES;
				CLANG_WARN_UNGUARDED_AVAILABILITY = YES_AGGRESSIVE;
				CLANG_WARN_UNREACHABLE_CODE = YES;
				CLANG_WARN__DUPLICATE_METHOD_MATCH = YES;
				COPY_PHASE_STRIP = NO;
				DEBUG_INFORMATION_FORMAT = dwarf;
				ENABLE_STRICT_OBJC_MSGSEND = YES;
				ENABLE_TESTABILITY = YES;
				GCC_C_LANGUAGE_STANDARD = gnu11;
				GCC_DYNAMIC_NO_PIC = NO;
				GCC_NO_COMMON_BLOCKS = YES;
				GCC_OPTIMIZATION_LEVEL = 0;
				GCC_PREPROCESSOR_DEFINITIONS = (
					"DEBUG=1",
					"$(inherited)",
				);
				GCC_WARN_64_TO_32_BIT_CONVERSION = YES;
				GCC_WARN_ABOUT_RETURN_TYPE = YES_ERROR;
				GCC_WARN_UNDECLARED_SELECTOR = YES;
				GCC_WARN_UNINITIALIZED_AUTOS = YES_AGGRESSIVE;
				GCC_WARN_UNUSED_FUNCTION = YES;
				GCC_WARN_UNUSED_VARIABLE = YES;
				IPHONEOS_DEPLOYMENT_TARGET = 13.2;
				MTL_ENABLE_DEBUG_INFO = INCLUDE_SOURCE;
				MTL_FAST_MATH = YES;
				ONLY_ACTIVE_ARCH = YES;
				SDKROOT = iphoneos;
				SWIFT_ACTIVE_COMPILATION_CONDITIONS = DEBUG;
				SWIFT_OPTIMIZATION_LEVEL = "-Onone";
			};
			name = Debug;
		};
		722276AD23E011E000D8E72F /* Release */ = {
			isa = XCBuildConfiguration;
			buildSettings = {
				ALWAYS_SEARCH_USER_PATHS = NO;
				CLANG_ANALYZER_NONNULL = YES;
				CLANG_ANALYZER_NUMBER_OBJECT_CONVERSION = YES_AGGRESSIVE;
				CLANG_CXX_LANGUAGE_STANDARD = "gnu++14";
				CLANG_CXX_LIBRARY = "libc++";
				CLANG_ENABLE_MODULES = YES;
				CLANG_ENABLE_OBJC_ARC = YES;
				CLANG_ENABLE_OBJC_WEAK = YES;
				CLANG_WARN_BLOCK_CAPTURE_AUTORELEASING = YES;
				CLANG_WARN_BOOL_CONVERSION = YES;
				CLANG_WARN_COMMA = YES;
				CLANG_WARN_CONSTANT_CONVERSION = YES;
				CLANG_WARN_DEPRECATED_OBJC_IMPLEMENTATIONS = YES;
				CLANG_WARN_DIRECT_OBJC_ISA_USAGE = YES_ERROR;
				CLANG_WARN_DOCUMENTATION_COMMENTS = YES;
				CLANG_WARN_EMPTY_BODY = YES;
				CLANG_WARN_ENUM_CONVERSION = YES;
				CLANG_WARN_INFINITE_RECURSION = YES;
				CLANG_WARN_INT_CONVERSION = YES;
				CLANG_WARN_NON_LITERAL_NULL_CONVERSION = YES;
				CLANG_WARN_OBJC_IMPLICIT_RETAIN_SELF = YES;
				CLANG_WARN_OBJC_LITERAL_CONVERSION = YES;
				CLANG_WARN_OBJC_ROOT_CLASS = YES_ERROR;
				CLANG_WARN_RANGE_LOOP_ANALYSIS = YES;
				CLANG_WARN_STRICT_PROTOTYPES = YES;
				CLANG_WARN_SUSPICIOUS_MOVE = YES;
				CLANG_WARN_UNGUARDED_AVAILABILITY = YES_AGGRESSIVE;
				CLANG_WARN_UNREACHABLE_CODE = YES;
				CLANG_WARN__DUPLICATE_METHOD_MATCH = YES;
				COPY_PHASE_STRIP = NO;
				DEBUG_INFORMATION_FORMAT = "dwarf-with-dsym";
				ENABLE_NS_ASSERTIONS = NO;
				ENABLE_STRICT_OBJC_MSGSEND = YES;
				GCC_C_LANGUAGE_STANDARD = gnu11;
				GCC_NO_COMMON_BLOCKS = YES;
				GCC_WARN_64_TO_32_BIT_CONVERSION = YES;
				GCC_WARN_ABOUT_RETURN_TYPE = YES_ERROR;
				GCC_WARN_UNDECLARED_SELECTOR = YES;
				GCC_WARN_UNINITIALIZED_AUTOS = YES_AGGRESSIVE;
				GCC_WARN_UNUSED_FUNCTION = YES;
				GCC_WARN_UNUSED_VARIABLE = YES;
				IPHONEOS_DEPLOYMENT_TARGET = 13.2;
				MTL_ENABLE_DEBUG_INFO = NO;
				MTL_FAST_MATH = YES;
				SDKROOT = iphoneos;
				SWIFT_COMPILATION_MODE = wholemodule;
				SWIFT_OPTIMIZATION_LEVEL = "-O";
				VALIDATE_PRODUCT = YES;
			};
			name = Release;
		};
		722276AF23E011E000D8E72F /* Debug */ = {
			isa = XCBuildConfiguration;
			baseConfigurationReference = 720B39D723E9F38A00488A67 /* release.xcconfig */;
			buildSettings = {
				ASSETCATALOG_COMPILER_APPICON_NAME = AppIcon;
				CODE_SIGN_ENTITLEMENTS = stravo/stravo.entitlements;
				CODE_SIGN_STYLE = Automatic;
				DEVELOPMENT_TEAM = UHG35942S7;
				FRAMEWORK_SEARCH_PATHS = (
					"$(inherited)",
					"$(PROJECT_DIR)/Carthage/Build/iOS",
				);
				INFOPLIST_FILE = stravo/Info.plist;
				LD_RUNPATH_SEARCH_PATHS = (
					"$(inherited)",
					"@executable_path/Frameworks",
				);
				PRODUCT_BUNDLE_IDENTIFIER = com.paceline.stravo;
				PRODUCT_NAME = "$(TARGET_NAME)";
				SWIFT_VERSION = 5.0;
				TARGETED_DEVICE_FAMILY = "1,2";
			};
			name = Debug;
		};
		722276B023E011E000D8E72F /* Release */ = {
			isa = XCBuildConfiguration;
			baseConfigurationReference = 720B39D723E9F38A00488A67 /* release.xcconfig */;
			buildSettings = {
				ASSETCATALOG_COMPILER_APPICON_NAME = AppIcon;
				CODE_SIGN_ENTITLEMENTS = stravo/stravo.entitlements;
				CODE_SIGN_STYLE = Automatic;
				DEVELOPMENT_TEAM = UHG35942S7;
				FRAMEWORK_SEARCH_PATHS = (
					"$(inherited)",
					"$(PROJECT_DIR)/Carthage/Build/iOS",
				);
				INFOPLIST_FILE = stravo/Info.plist;
				LD_RUNPATH_SEARCH_PATHS = (
					"$(inherited)",
					"@executable_path/Frameworks",
				);
				PRODUCT_BUNDLE_IDENTIFIER = com.paceline.stravo;
				PRODUCT_NAME = "$(TARGET_NAME)";
				SWIFT_VERSION = 5.0;
				TARGETED_DEVICE_FAMILY = "1,2";
			};
			name = Release;
		};
		722276B223E011E000D8E72F /* Debug */ = {
			isa = XCBuildConfiguration;
			baseConfigurationReference = 720B39D723E9F38A00488A67 /* release.xcconfig */;
			buildSettings = {
				ALWAYS_EMBED_SWIFT_STANDARD_LIBRARIES = YES;
				BUNDLE_LOADER = "$(TEST_HOST)";
				CODE_SIGN_STYLE = Automatic;
				DEVELOPMENT_TEAM = UHG35942S7;
				INFOPLIST_FILE = stravoTests/Info.plist;
				IPHONEOS_DEPLOYMENT_TARGET = 13.2;
				LD_RUNPATH_SEARCH_PATHS = (
					"$(inherited)",
					"@executable_path/Frameworks",
					"@loader_path/Frameworks",
				);
				PRODUCT_BUNDLE_IDENTIFIER = com.paceline.stravoTests;
				PRODUCT_NAME = "$(TARGET_NAME)";
				SWIFT_VERSION = 5.0;
				TARGETED_DEVICE_FAMILY = "1,2";
				TEST_HOST = "$(BUILT_PRODUCTS_DIR)/stravo.app/stravo";
			};
			name = Debug;
		};
		722276B323E011E000D8E72F /* Release */ = {
			isa = XCBuildConfiguration;
			baseConfigurationReference = 720B39D723E9F38A00488A67 /* release.xcconfig */;
			buildSettings = {
				ALWAYS_EMBED_SWIFT_STANDARD_LIBRARIES = YES;
				BUNDLE_LOADER = "$(TEST_HOST)";
				CODE_SIGN_STYLE = Automatic;
				DEVELOPMENT_TEAM = UHG35942S7;
				INFOPLIST_FILE = stravoTests/Info.plist;
				IPHONEOS_DEPLOYMENT_TARGET = 13.2;
				LD_RUNPATH_SEARCH_PATHS = (
					"$(inherited)",
					"@executable_path/Frameworks",
					"@loader_path/Frameworks",
				);
				PRODUCT_BUNDLE_IDENTIFIER = com.paceline.stravoTests;
				PRODUCT_NAME = "$(TARGET_NAME)";
				SWIFT_VERSION = 5.0;
				TARGETED_DEVICE_FAMILY = "1,2";
				TEST_HOST = "$(BUILT_PRODUCTS_DIR)/stravo.app/stravo";
			};
			name = Release;
		};
		722276B523E011E000D8E72F /* Debug */ = {
			isa = XCBuildConfiguration;
			baseConfigurationReference = 720B39D723E9F38A00488A67 /* release.xcconfig */;
			buildSettings = {
				ALWAYS_EMBED_SWIFT_STANDARD_LIBRARIES = YES;
				CODE_SIGN_STYLE = Automatic;
				DEVELOPMENT_TEAM = UHG35942S7;
				INFOPLIST_FILE = stravoUITests/Info.plist;
				LD_RUNPATH_SEARCH_PATHS = (
					"$(inherited)",
					"@executable_path/Frameworks",
					"@loader_path/Frameworks",
				);
				PRODUCT_BUNDLE_IDENTIFIER = com.paceline.stravoUITests;
				PRODUCT_NAME = "$(TARGET_NAME)";
				SWIFT_VERSION = 5.0;
				TARGETED_DEVICE_FAMILY = "1,2";
				TEST_TARGET_NAME = stravo;
			};
			name = Debug;
		};
		722276B623E011E000D8E72F /* Release */ = {
			isa = XCBuildConfiguration;
			baseConfigurationReference = 720B39D723E9F38A00488A67 /* release.xcconfig */;
			buildSettings = {
				ALWAYS_EMBED_SWIFT_STANDARD_LIBRARIES = YES;
				CODE_SIGN_STYLE = Automatic;
				DEVELOPMENT_TEAM = UHG35942S7;
				INFOPLIST_FILE = stravoUITests/Info.plist;
				LD_RUNPATH_SEARCH_PATHS = (
					"$(inherited)",
					"@executable_path/Frameworks",
					"@loader_path/Frameworks",
				);
				PRODUCT_BUNDLE_IDENTIFIER = com.paceline.stravoUITests;
				PRODUCT_NAME = "$(TARGET_NAME)";
				SWIFT_VERSION = 5.0;
				TARGETED_DEVICE_FAMILY = "1,2";
				TEST_TARGET_NAME = stravo;
			};
			name = Release;
		};
/* End XCBuildConfiguration section */

/* Begin XCConfigurationList section */
		7222767F23E011D800D8E72F /* Build configuration list for PBXProject "stravo" */ = {
			isa = XCConfigurationList;
			buildConfigurations = (
				722276AC23E011E000D8E72F /* Debug */,
				722276AD23E011E000D8E72F /* Release */,
			);
			defaultConfigurationIsVisible = 0;
			defaultConfigurationName = Release;
		};
		722276AE23E011E000D8E72F /* Build configuration list for PBXNativeTarget "stravo" */ = {
			isa = XCConfigurationList;
			buildConfigurations = (
				722276AF23E011E000D8E72F /* Debug */,
				722276B023E011E000D8E72F /* Release */,
			);
			defaultConfigurationIsVisible = 0;
			defaultConfigurationName = Release;
		};
		722276B123E011E000D8E72F /* Build configuration list for PBXNativeTarget "stravoTests" */ = {
			isa = XCConfigurationList;
			buildConfigurations = (
				722276B223E011E000D8E72F /* Debug */,
				722276B323E011E000D8E72F /* Release */,
			);
			defaultConfigurationIsVisible = 0;
			defaultConfigurationName = Release;
		};
		722276B423E011E000D8E72F /* Build configuration list for PBXNativeTarget "stravoUITests" */ = {
			isa = XCConfigurationList;
			buildConfigurations = (
				722276B523E011E000D8E72F /* Debug */,
				722276B623E011E000D8E72F /* Release */,
			);
			defaultConfigurationIsVisible = 0;
			defaultConfigurationName = Release;
		};
/* End XCConfigurationList section */
	};
	rootObject = 7222767C23E011D800D8E72F /* Project object */;
}
